// !$*UTF8*$!
{
	archiveVersion = 1;
	classes = {
	};
	objectVersion = 50;
	objects = {

/* Begin PBXBuildFile section */
		7599BCF722AB15140008CCE9 /* RedBgButton.swift in Sources */ = {isa = PBXBuildFile; fileRef = 7599BCF622AB15140008CCE9 /* RedBgButton.swift */; };
		7599BCFB22AB179B0008CCE9 /* Constants.swift in Sources */ = {isa = PBXBuildFile; fileRef = 7599BCFA22AB179B0008CCE9 /* Constants.swift */; };
		7599BCFE22AB2FC10008CCE9 /* InvestimentoApi.swift in Sources */ = {isa = PBXBuildFile; fileRef = 7599BCFD22AB2FC10008CCE9 /* InvestimentoApi.swift */; };
		759E7E0122A96DB400B5C308 /* AppDelegate.swift in Sources */ = {isa = PBXBuildFile; fileRef = 759E7E0022A96DB400B5C308 /* AppDelegate.swift */; };
		759E7E0322A96DB400B5C308 /* InvestimentoVC.swift in Sources */ = {isa = PBXBuildFile; fileRef = 759E7E0222A96DB400B5C308 /* InvestimentoVC.swift */; };
		759E7E0622A96DB400B5C308 /* Main.storyboard in Resources */ = {isa = PBXBuildFile; fileRef = 759E7E0422A96DB400B5C308 /* Main.storyboard */; };
		759E7E0822A96DB600B5C308 /* Assets.xcassets in Resources */ = {isa = PBXBuildFile; fileRef = 759E7E0722A96DB600B5C308 /* Assets.xcassets */; };
		759E7E0B22A96DB600B5C308 /* LaunchScreen.storyboard in Resources */ = {isa = PBXBuildFile; fileRef = 759E7E0922A96DB600B5C308 /* LaunchScreen.storyboard */; };
		759E7E1B22A992D700B5C308 /* DINMittelschriftStd.otf in Resources */ = {isa = PBXBuildFile; fileRef = 759E7E1222A992D600B5C308 /* DINMittelschriftStd.otf */; };
		759E7E1C22A992D700B5C308 /* DINPro-Regular.otf in Resources */ = {isa = PBXBuildFile; fileRef = 759E7E1322A992D600B5C308 /* DINPro-Regular.otf */; };
		759E7E1D22A992D700B5C308 /* DINNeuzeitGroteskStd-BdCond.otf in Resources */ = {isa = PBXBuildFile; fileRef = 759E7E1422A992D600B5C308 /* DINNeuzeitGroteskStd-BdCond.otf */; };
		759E7E1E22A992D700B5C308 /* DINPro-Bold.otf in Resources */ = {isa = PBXBuildFile; fileRef = 759E7E1522A992D700B5C308 /* DINPro-Bold.otf */; };
		759E7E1F22A992D700B5C308 /* DINNeuzeitGroteskStd-Light.otf in Resources */ = {isa = PBXBuildFile; fileRef = 759E7E1622A992D700B5C308 /* DINNeuzeitGroteskStd-Light.otf */; };
		759E7E2022A992D700B5C308 /* DINPro-Medium.otf in Resources */ = {isa = PBXBuildFile; fileRef = 759E7E1722A992D700B5C308 /* DINPro-Medium.otf */; };
		759E7E2122A992D700B5C308 /* DINPro-Black.otf in Resources */ = {isa = PBXBuildFile; fileRef = 759E7E1822A992D700B5C308 /* DINPro-Black.otf */; };
		759E7E2222A992D700B5C308 /* DINEngschriftStd.otf in Resources */ = {isa = PBXBuildFile; fileRef = 759E7E1922A992D700B5C308 /* DINEngschriftStd.otf */; };
		759E7E2322A992D700B5C308 /* DINPro-Light.otf in Resources */ = {isa = PBXBuildFile; fileRef = 759E7E1A22A992D700B5C308 /* DINPro-Light.otf */; };
		759E7E2722A99E1900B5C308 /* DINPro-Medium_13936.ttf in Resources */ = {isa = PBXBuildFile; fileRef = 759E7E2622A99E1900B5C308 /* DINPro-Medium_13936.ttf */; };
/* End PBXBuildFile section */

/* Begin PBXFileReference section */
		7599BCF622AB15140008CCE9 /* RedBgButton.swift */ = {isa = PBXFileReference; lastKnownFileType = sourcecode.swift; path = RedBgButton.swift; sourceTree = "<group>"; };
		7599BCFA22AB179B0008CCE9 /* Constants.swift */ = {isa = PBXFileReference; lastKnownFileType = sourcecode.swift; path = Constants.swift; sourceTree = "<group>"; };
		7599BCFD22AB2FC10008CCE9 /* InvestimentoApi.swift */ = {isa = PBXFileReference; lastKnownFileType = sourcecode.swift; path = InvestimentoApi.swift; sourceTree = "<group>"; };
		759E7DFD22A96DB400B5C308 /* SantanderTech.app */ = {isa = PBXFileReference; explicitFileType = wrapper.application; includeInIndex = 0; path = SantanderTech.app; sourceTree = BUILT_PRODUCTS_DIR; };
		759E7E0022A96DB400B5C308 /* AppDelegate.swift */ = {isa = PBXFileReference; lastKnownFileType = sourcecode.swift; path = AppDelegate.swift; sourceTree = "<group>"; };
		759E7E0222A96DB400B5C308 /* InvestimentoVC.swift */ = {isa = PBXFileReference; lastKnownFileType = sourcecode.swift; path = InvestimentoVC.swift; sourceTree = "<group>"; };
		759E7E0522A96DB400B5C308 /* Base */ = {isa = PBXFileReference; lastKnownFileType = file.storyboard; name = Base; path = Base.lproj/Main.storyboard; sourceTree = "<group>"; };
		759E7E0722A96DB600B5C308 /* Assets.xcassets */ = {isa = PBXFileReference; lastKnownFileType = folder.assetcatalog; path = Assets.xcassets; sourceTree = "<group>"; };
		759E7E0A22A96DB600B5C308 /* Base */ = {isa = PBXFileReference; lastKnownFileType = file.storyboard; name = Base; path = Base.lproj/LaunchScreen.storyboard; sourceTree = "<group>"; };
		759E7E0C22A96DB600B5C308 /* Info.plist */ = {isa = PBXFileReference; lastKnownFileType = text.plist.xml; path = Info.plist; sourceTree = "<group>"; };
		759E7E1222A992D600B5C308 /* DINMittelschriftStd.otf */ = {isa = PBXFileReference; lastKnownFileType = file; path = DINMittelschriftStd.otf; sourceTree = "<group>"; };
		759E7E1322A992D600B5C308 /* DINPro-Regular.otf */ = {isa = PBXFileReference; lastKnownFileType = file; path = "DINPro-Regular.otf"; sourceTree = "<group>"; };
		759E7E1422A992D600B5C308 /* DINNeuzeitGroteskStd-BdCond.otf */ = {isa = PBXFileReference; lastKnownFileType = file; path = "DINNeuzeitGroteskStd-BdCond.otf"; sourceTree = "<group>"; };
		759E7E1522A992D700B5C308 /* DINPro-Bold.otf */ = {isa = PBXFileReference; lastKnownFileType = file; path = "DINPro-Bold.otf"; sourceTree = "<group>"; };
		759E7E1622A992D700B5C308 /* DINNeuzeitGroteskStd-Light.otf */ = {isa = PBXFileReference; lastKnownFileType = file; path = "DINNeuzeitGroteskStd-Light.otf"; sourceTree = "<group>"; };
		759E7E1722A992D700B5C308 /* DINPro-Medium.otf */ = {isa = PBXFileReference; lastKnownFileType = file; path = "DINPro-Medium.otf"; sourceTree = "<group>"; };
		759E7E1822A992D700B5C308 /* DINPro-Black.otf */ = {isa = PBXFileReference; lastKnownFileType = file; path = "DINPro-Black.otf"; sourceTree = "<group>"; };
		759E7E1922A992D700B5C308 /* DINEngschriftStd.otf */ = {isa = PBXFileReference; lastKnownFileType = file; path = DINEngschriftStd.otf; sourceTree = "<group>"; };
		759E7E1A22A992D700B5C308 /* DINPro-Light.otf */ = {isa = PBXFileReference; lastKnownFileType = file; path = "DINPro-Light.otf"; sourceTree = "<group>"; };
		759E7E2622A99E1900B5C308 /* DINPro-Medium_13936.ttf */ = {isa = PBXFileReference; lastKnownFileType = file; path = "DINPro-Medium_13936.ttf"; sourceTree = "<group>"; };
/* End PBXFileReference section */

/* Begin PBXFrameworksBuildPhase section */
		759E7DFA22A96DB400B5C308 /* Frameworks */ = {
			isa = PBXFrameworksBuildPhase;
			buildActionMask = 2147483647;
			files = (
			);
			runOnlyForDeploymentPostprocessing = 0;
		};
/* End PBXFrameworksBuildPhase section */

/* Begin PBXGroup section */
		7599BCF522AB14C80008CCE9 /* View */ = {
			isa = PBXGroup;
			children = (
				7599BCF622AB15140008CCE9 /* RedBgButton.swift */,
			);
			path = View;
			sourceTree = "<group>";
		};
		7599BCF822AB16580008CCE9 /* Controller */ = {
			isa = PBXGroup;
			children = (
				759E7E0222A96DB400B5C308 /* InvestimentoVC.swift */,
			);
			path = Controller;
			sourceTree = "<group>";
		};
		7599BCF922AB17810008CCE9 /* Utils */ = {
			isa = PBXGroup;
			children = (
				7599BCFA22AB179B0008CCE9 /* Constants.swift */,
			);
			path = Utils;
			sourceTree = "<group>";
		};
		7599BCFC22AB2F970008CCE9 /* Services */ = {
			isa = PBXGroup;
			children = (
				7599BCFD22AB2FC10008CCE9 /* InvestimentoApi.swift */,
			);
			path = Services;
			sourceTree = "<group>";
		};
		759E7DF422A96DB400B5C308 = {
			isa = PBXGroup;
			children = (
				759E7DFF22A96DB400B5C308 /* SantanderTech */,
				759E7DFE22A96DB400B5C308 /* Products */,
			);
			sourceTree = "<group>";
		};
		759E7DFE22A96DB400B5C308 /* Products */ = {
			isa = PBXGroup;
			children = (
				759E7DFD22A96DB400B5C308 /* SantanderTech.app */,
			);
			name = Products;
			sourceTree = "<group>";
		};
		759E7DFF22A96DB400B5C308 /* SantanderTech */ = {
			isa = PBXGroup;
			children = (
				7599BCF922AB17810008CCE9 /* Utils */,
				7599BCF522AB14C80008CCE9 /* View */,
				759E7E2522A992F500B5C308 /* Resources */,
				759E7E0022A96DB400B5C308 /* AppDelegate.swift */,
				7599BCF822AB16580008CCE9 /* Controller */,
				7599BCFC22AB2F970008CCE9 /* Services */,
				759E7E0422A96DB400B5C308 /* Main.storyboard */,
				759E7E0722A96DB600B5C308 /* Assets.xcassets */,
				759E7E0922A96DB600B5C308 /* LaunchScreen.storyboard */,
				759E7E0C22A96DB600B5C308 /* Info.plist */,
			);
			path = SantanderTech;
			sourceTree = "<group>";
		};
		759E7E2422A992E500B5C308 /* Fonts */ = {
			isa = PBXGroup;
			children = (
				759E7E2622A99E1900B5C308 /* DINPro-Medium_13936.ttf */,
				759E7E1922A992D700B5C308 /* DINEngschriftStd.otf */,
				759E7E1222A992D600B5C308 /* DINMittelschriftStd.otf */,
				759E7E1422A992D600B5C308 /* DINNeuzeitGroteskStd-BdCond.otf */,
				759E7E1622A992D700B5C308 /* DINNeuzeitGroteskStd-Light.otf */,
				759E7E1822A992D700B5C308 /* DINPro-Black.otf */,
				759E7E1522A992D700B5C308 /* DINPro-Bold.otf */,
				759E7E1A22A992D700B5C308 /* DINPro-Light.otf */,
				759E7E1722A992D700B5C308 /* DINPro-Medium.otf */,
				759E7E1322A992D600B5C308 /* DINPro-Regular.otf */,
			);
			path = Fonts;
			sourceTree = "<group>";
		};
		759E7E2522A992F500B5C308 /* Resources */ = {
			isa = PBXGroup;
			children = (
				759E7E2422A992E500B5C308 /* Fonts */,
			);
			path = Resources;
			sourceTree = "<group>";
		};
/* End PBXGroup section */

/* Begin PBXNativeTarget section */
		759E7DFC22A96DB400B5C308 /* SantanderTech */ = {
			isa = PBXNativeTarget;
			buildConfigurationList = 759E7E0F22A96DB600B5C308 /* Build configuration list for PBXNativeTarget "SantanderTech" */;
			buildPhases = (
				759E7DF922A96DB400B5C308 /* Sources */,
				759E7DFA22A96DB400B5C308 /* Frameworks */,
				759E7DFB22A96DB400B5C308 /* Resources */,
			);
			buildRules = (
			);
			dependencies = (
			);
			name = SantanderTech;
			productName = SantanderTech;
			productReference = 759E7DFD22A96DB400B5C308 /* SantanderTech.app */;
			productType = "com.apple.product-type.application";
		};
/* End PBXNativeTarget section */

/* Begin PBXProject section */
		759E7DF522A96DB400B5C308 /* Project object */ = {
			isa = PBXProject;
			attributes = {
				LastSwiftUpdateCheck = 1010;
				LastUpgradeCheck = 1010;
				ORGANIZATIONNAME = elizeurs;
				TargetAttributes = {
					759E7DFC22A96DB400B5C308 = {
						CreatedOnToolsVersion = 10.1;
					};
				};
			};
			buildConfigurationList = 759E7DF822A96DB400B5C308 /* Build configuration list for PBXProject "SantanderTech" */;
			compatibilityVersion = "Xcode 9.3";
			developmentRegion = en;
			hasScannedForEncodings = 0;
			knownRegions = (
				en,
				Base,
			);
			mainGroup = 759E7DF422A96DB400B5C308;
			productRefGroup = 759E7DFE22A96DB400B5C308 /* Products */;
			projectDirPath = "";
			projectRoot = "";
			targets = (
				759E7DFC22A96DB400B5C308 /* SantanderTech */,
			);
		};
/* End PBXProject section */

/* Begin PBXResourcesBuildPhase section */
		759E7DFB22A96DB400B5C308 /* Resources */ = {
			isa = PBXResourcesBuildPhase;
			buildActionMask = 2147483647;
			files = (
				759E7E1D22A992D700B5C308 /* DINNeuzeitGroteskStd-BdCond.otf in Resources */,
				759E7E1C22A992D700B5C308 /* DINPro-Regular.otf in Resources */,
				759E7E0B22A96DB600B5C308 /* LaunchScreen.storyboard in Resources */,
				759E7E1F22A992D700B5C308 /* DINNeuzeitGroteskStd-Light.otf in Resources */,
				759E7E2722A99E1900B5C308 /* DINPro-Medium_13936.ttf in Resources */,
				759E7E0822A96DB600B5C308 /* Assets.xcassets in Resources */,
				759E7E1E22A992D700B5C308 /* DINPro-Bold.otf in Resources */,
				759E7E1B22A992D700B5C308 /* DINMittelschriftStd.otf in Resources */,
				759E7E2222A992D700B5C308 /* DINEngschriftStd.otf in Resources */,
				759E7E2322A992D700B5C308 /* DINPro-Light.otf in Resources */,
				759E7E2122A992D700B5C308 /* DINPro-Black.otf in Resources */,
				759E7E2022A992D700B5C308 /* DINPro-Medium.otf in Resources */,
				759E7E0622A96DB400B5C308 /* Main.storyboard in Resources */,
			);
			runOnlyForDeploymentPostprocessing = 0;
		};
/* End PBXResourcesBuildPhase section */

/* Begin PBXSourcesBuildPhase section */
		759E7DF922A96DB400B5C308 /* Sources */ = {
			isa = PBXSourcesBuildPhase;
			buildActionMask = 2147483647;
			files = (
				759E7E0322A96DB400B5C308 /* InvestimentoVC.swift in Sources */,
				759E7E0122A96DB400B5C308 /* AppDelegate.swift in Sources */,
				7599BCF722AB15140008CCE9 /* RedBgButton.swift in Sources */,
				7599BCFE22AB2FC10008CCE9 /* InvestimentoApi.swift in Sources */,
				7599BCFB22AB179B0008CCE9 /* Constants.swift in Sources */,
			);
			runOnlyForDeploymentPostprocessing = 0;
		};
/* End PBXSourcesBuildPhase section */

/* Begin PBXVariantGroup section */
		759E7E0422A96DB400B5C308 /* Main.storyboard */ = {
			isa = PBXVariantGroup;
			children = (
				759E7E0522A96DB400B5C308 /* Base */,
			);
			name = Main.storyboard;
			sourceTree = "<group>";
		};
		759E7E0922A96DB600B5C308 /* LaunchScreen.storyboard */ = {
			isa = PBXVariantGroup;
			children = (
				759E7E0A22A96DB600B5C308 /* Base */,
			);
			name = LaunchScreen.storyboard;
			sourceTree = "<group>";
		};
/* End PBXVariantGroup section */

/* Begin XCBuildConfiguration section */
		759E7E0D22A96DB600B5C308 /* Debug */ = {
			isa = XCBuildConfiguration;
			buildSettings = {
				ALWAYS_SEARCH_USER_PATHS = NO;
				CLANG_ANALYZER_NONNULL = YES;
				CLANG_ANALYZER_NUMBER_OBJECT_CONVERSION = YES_AGGRESSIVE;
				CLANG_CXX_LANGUAGE_STANDARD = "gnu++14";
				CLANG_CXX_LIBRARY = "libc++";
				CLANG_ENABLE_MODULES = YES;
				CLANG_ENABLE_OBJC_ARC = YES;
				CLANG_ENABLE_OBJC_WEAK = YES;
				CLANG_WARN_BLOCK_CAPTURE_AUTORELEASING = YES;
				CLANG_WARN_BOOL_CONVERSION = YES;
				CLANG_WARN_COMMA = YES;
				CLANG_WARN_CONSTANT_CONVERSION = YES;
				CLANG_WARN_DEPRECATED_OBJC_IMPLEMENTATIONS = YES;
				CLANG_WARN_DIRECT_OBJC_ISA_USAGE = YES_ERROR;
				CLANG_WARN_DOCUMENTATION_COMMENTS = YES;
				CLANG_WARN_EMPTY_BODY = YES;
				CLANG_WARN_ENUM_CONVERSION = YES;
				CLANG_WARN_INFINITE_RECURSION = YES;
				CLANG_WARN_INT_CONVERSION = YES;
				CLANG_WARN_NON_LITERAL_NULL_CONVERSION = YES;
				CLANG_WARN_OBJC_IMPLICIT_RETAIN_SELF = YES;
				CLANG_WARN_OBJC_LITERAL_CONVERSION = YES;
				CLANG_WARN_OBJC_ROOT_CLASS = YES_ERROR;
				CLANG_WARN_RANGE_LOOP_ANALYSIS = YES;
				CLANG_WARN_STRICT_PROTOTYPES = YES;
				CLANG_WARN_SUSPICIOUS_MOVE = YES;
				CLANG_WARN_UNGUARDED_AVAILABILITY = YES_AGGRESSIVE;
				CLANG_WARN_UNREACHABLE_CODE = YES;
				CLANG_WARN__DUPLICATE_METHOD_MATCH = YES;
				CODE_SIGN_IDENTITY = "iPhone Developer";
				COPY_PHASE_STRIP = NO;
				DEBUG_INFORMATION_FORMAT = dwarf;
				ENABLE_STRICT_OBJC_MSGSEND = YES;
				ENABLE_TESTABILITY = YES;
				GCC_C_LANGUAGE_STANDARD = gnu11;
				GCC_DYNAMIC_NO_PIC = NO;
				GCC_NO_COMMON_BLOCKS = YES;
				GCC_OPTIMIZATION_LEVEL = 0;
				GCC_PREPROCESSOR_DEFINITIONS = (
					"DEBUG=1",
					"$(inherited)",
				);
				GCC_WARN_64_TO_32_BIT_CONVERSION = YES;
				GCC_WARN_ABOUT_RETURN_TYPE = YES_ERROR;
				GCC_WARN_UNDECLARED_SELECTOR = YES;
				GCC_WARN_UNINITIALIZED_AUTOS = YES_AGGRESSIVE;
				GCC_WARN_UNUSED_FUNCTION = YES;
				GCC_WARN_UNUSED_VARIABLE = YES;
				IPHONEOS_DEPLOYMENT_TARGET = 12.1;
				MTL_ENABLE_DEBUG_INFO = INCLUDE_SOURCE;
				MTL_FAST_MATH = YES;
				ONLY_ACTIVE_ARCH = YES;
				SDKROOT = iphoneos;
				SWIFT_ACTIVE_COMPILATION_CONDITIONS = DEBUG;
				SWIFT_OPTIMIZATION_LEVEL = "-Onone";
			};
			name = Debug;
		};
		759E7E0E22A96DB600B5C308 /* Release */ = {
			isa = XCBuildConfiguration;
			buildSettings = {
				ALWAYS_SEARCH_USER_PATHS = NO;
				CLANG_ANALYZER_NONNULL = YES;
				CLANG_ANALYZER_NUMBER_OBJECT_CONVERSION = YES_AGGRESSIVE;
				CLANG_CXX_LANGUAGE_STANDARD = "gnu++14";
				CLANG_CXX_LIBRARY = "libc++";
				CLANG_ENABLE_MODULES = YES;
				CLANG_ENABLE_OBJC_ARC = YES;
				CLANG_ENABLE_OBJC_WEAK = YES;
				CLANG_WARN_BLOCK_CAPTURE_AUTORELEASING = YES;
				CLANG_WARN_BOOL_CONVERSION = YES;
				CLANG_WARN_COMMA = YES;
				CLANG_WARN_CONSTANT_CONVERSION = YES;
				CLANG_WARN_DEPRECATED_OBJC_IMPLEMENTATIONS = YES;
				CLANG_WARN_DIRECT_OBJC_ISA_USAGE = YES_ERROR;
				CLANG_WARN_DOCUMENTATION_COMMENTS = YES;
				CLANG_WARN_EMPTY_BODY = YES;
				CLANG_WARN_ENUM_CONVERSION = YES;
				CLANG_WARN_INFINITE_RECURSION = YES;
				CLANG_WARN_INT_CONVERSION = YES;
				CLANG_WARN_NON_LITERAL_NULL_CONVERSION = YES;
				CLANG_WARN_OBJC_IMPLICIT_RETAIN_SELF = YES;
				CLANG_WARN_OBJC_LITERAL_CONVERSION = YES;
				CLANG_WARN_OBJC_ROOT_CLASS = YES_ERROR;
				CLANG_WARN_RANGE_LOOP_ANALYSIS = YES;
				CLANG_WARN_STRICT_PROTOTYPES = YES;
				CLANG_WARN_SUSPICIOUS_MOVE = YES;
				CLANG_WARN_UNGUARDED_AVAILABILITY = YES_AGGRESSIVE;
				CLANG_WARN_UNREACHABLE_CODE = YES;
				CLANG_WARN__DUPLICATE_METHOD_MATCH = YES;
				CODE_SIGN_IDENTITY = "iPhone Developer";
				COPY_PHASE_STRIP = NO;
				DEBUG_INFORMATION_FORMAT = "dwarf-with-dsym";
				ENABLE_NS_ASSERTIONS = NO;
				ENABLE_STRICT_OBJC_MSGSEND = YES;
				GCC_C_LANGUAGE_STANDARD = gnu11;
				GCC_NO_COMMON_BLOCKS = YES;
				GCC_WARN_64_TO_32_BIT_CONVERSION = YES;
				GCC_WARN_ABOUT_RETURN_TYPE = YES_ERROR;
				GCC_WARN_UNDECLARED_SELECTOR = YES;
				GCC_WARN_UNINITIALIZED_AUTOS = YES_AGGRESSIVE;
				GCC_WARN_UNUSED_FUNCTION = YES;
				GCC_WARN_UNUSED_VARIABLE = YES;
				IPHONEOS_DEPLOYMENT_TARGET = 12.1;
				MTL_ENABLE_DEBUG_INFO = NO;
				MTL_FAST_MATH = YES;
				SDKROOT = iphoneos;
				SWIFT_COMPILATION_MODE = wholemodule;
				SWIFT_OPTIMIZATION_LEVEL = "-O";
				VALIDATE_PRODUCT = YES;
			};
			name = Release;
		};
		759E7E1022A96DB600B5C308 /* Debug */ = {
			isa = XCBuildConfiguration;
			buildSettings = {
				ASSETCATALOG_COMPILER_APPICON_NAME = AppIcon;
				CODE_SIGN_STYLE = Automatic;
				DEVELOPMENT_TEAM = VM55LWG8PP;
				INFOPLIST_FILE = SantanderTech/Info.plist;
				LD_RUNPATH_SEARCH_PATHS = (
					"$(inherited)",
					"@executable_path/Frameworks",
				);
				PRODUCT_BUNDLE_IDENTIFIER = com.elizeurs.SantanderTech;
				PRODUCT_NAME = "$(TARGET_NAME)";
				SWIFT_VERSION = 4.2;
				TARGETED_DEVICE_FAMILY = "1,2";
			};
			name = Debug;
		};
		759E7E1122A96DB600B5C308 /* Release */ = {
			isa = XCBuildConfiguration;
			buildSettings = {
				ASSETCATALOG_COMPILER_APPICON_NAME = AppIcon;
				CODE_SIGN_STYLE = Automatic;
				DEVELOPMENT_TEAM = VM55LWG8PP;
				INFOPLIST_FILE = SantanderTech/Info.plist;
				LD_RUNPATH_SEARCH_PATHS = (
					"$(inherited)",
					"@executable_path/Frameworks",
				);
				PRODUCT_BUNDLE_IDENTIFIER = com.elizeurs.SantanderTech;
				PRODUCT_NAME = "$(TARGET_NAME)";
				SWIFT_VERSION = 4.2;
				TARGETED_DEVICE_FAMILY = "1,2";
			};
			name = Release;
		};
/* End XCBuildConfiguration section */

/* Begin XCConfigurationList section */
		759E7DF822A96DB400B5C308 /* Build configuration list for PBXProject "SantanderTech" */ = {
			isa = XCConfigurationList;
			buildConfigurations = (
				759E7E0D22A96DB600B5C308 /* Debug */,
				759E7E0E22A96DB600B5C308 /* Release */,
			);
			defaultConfigurationIsVisible = 0;
			defaultConfigurationName = Release;
		};
		759E7E0F22A96DB600B5C308 /* Build configuration list for PBXNativeTarget "SantanderTech" */ = {
			isa = XCConfigurationList;
			buildConfigurations = (
				759E7E1022A96DB600B5C308 /* Debug */,
				759E7E1122A96DB600B5C308 /* Release */,
			);
			defaultConfigurationIsVisible = 0;
			defaultConfigurationName = Release;
		};
/* End XCConfigurationList section */
	};
	rootObject = 759E7DF522A96DB400B5C308 /* Project object */;
}
